
Microsoft Visual Studio Solution File, Format Version 12.00
# Visual Studio Version 17
VisualStudioVersion = 17.14.36915.13 d17.14
MinimumVisualStudioVersion = 10.0.40219.1
Project("{FAE04EC0-301F-11D3-BF4B-00C04F79EFBC}") = "test", "test\test.csproj", "{9930823B-020D-46FF-8B49-528900C4CD43}"
EndProject
Global
	GlobalSection(SolutionConfigurationPlatforms) = preSolution
		Debug|Any CPU = Debug|Any CPU
		Release|Any CPU = Release|Any CPU
	EndGlobalSection
	GlobalSection(ProjectConfigurationPlatforms) = postSolution
		{9930823B-020D-46FF-8B49-528900C4CD43}.Debug|Any CPU.ActiveCfg = Debug|Any CPU
		{9930823B-020D-46FF-8B49-528900C4CD43}.Debug|Any CPU.Build.0 = Debug|Any CPU
		{9930823B-020D-46FF-8B49-528900C4CD43}.Release|Any CPU.ActiveCfg = Release|Any CPU
		{9930823B-020D-46FF-8B49-528900C4CD43}.Release|Any CPU.Build.0 = Release|Any CPU
	EndGlobalSection
	GlobalSection(SolutionProperties) = preSolution
		HideSolutionNode = FALSE
	EndGlobalSection
	GlobalSection(ExtensibilityGlobals) = postSolution
		SolutionGuid = {EF3E3B0D-4C8F-4BEC-BA9D-9DE34869746F}
	EndGlobalSection
EndGlobal
